// !$*UTF8*$!
{
	archiveVersion = 1;
	classes = {
	};
	objectVersion = 56;
	objects = {

/* Begin PBXBuildFile section */
		F50AD5572C05742D0033DEA2 /* catalogApp.swift in Sources */ = {isa = PBXBuildFile; fileRef = F50AD5562C05742D0033DEA2 /* catalogApp.swift */; };
		F50AD5592C05742D0033DEA2 /* ContentView.swift in Sources */ = {isa = PBXBuildFile; fileRef = F50AD5582C05742D0033DEA2 /* ContentView.swift */; };
		F50AD55B2C05742F0033DEA2 /* Assets.xcassets in Resources */ = {isa = PBXBuildFile; fileRef = F50AD55A2C05742F0033DEA2 /* Assets.xcassets */; };
		F50AD55E2C05742F0033DEA2 /* Preview Assets.xcassets in Resources */ = {isa = PBXBuildFile; fileRef = F50AD55D2C05742F0033DEA2 /* Preview Assets.xcassets */; };
		F50AD5682C05742F0033DEA2 /* catalogTests.swift in Sources */ = {isa = PBXBuildFile; fileRef = F50AD5672C05742F0033DEA2 /* catalogTests.swift */; };
		F50AD5722C05742F0033DEA2 /* catalogUITests.swift in Sources */ = {isa = PBXBuildFile; fileRef = F50AD5712C05742F0033DEA2 /* catalogUITests.swift */; };
		F50AD5742C05742F0033DEA2 /* catalogUITestsLaunchTests.swift in Sources */ = {isa = PBXBuildFile; fileRef = F50AD5732C05742F0033DEA2 /* catalogUITestsLaunchTests.swift */; };
/* End PBXBuildFile section */

/* Begin PBXContainerItemProxy section */
		F50AD5642C05742F0033DEA2 /* PBXContainerItemProxy */ = {
			isa = PBXContainerItemProxy;
			containerPortal = F50AD54B2C05742D0033DEA2 /* Project object */;
			proxyType = 1;
			remoteGlobalIDString = F50AD5522C05742D0033DEA2;
			remoteInfo = catalog;
		};
		F50AD56E2C05742F0033DEA2 /* PBXContainerItemProxy */ = {
			isa = PBXContainerItemProxy;
			containerPortal = F50AD54B2C05742D0033DEA2 /* Project object */;
			proxyType = 1;
			remoteGlobalIDString = F50AD5522C05742D0033DEA2;
			remoteInfo = catalog;
		};
/* End PBXContainerItemProxy section */

/* Begin PBXFileReference section */
		F50AD5532C05742D0033DEA2 /* catalog.app */ = {isa = PBXFileReference; explicitFileType = wrapper.application; includeInIndex = 0; path = catalog.app; sourceTree = BUILT_PRODUCTS_DIR; };
		F50AD5562C05742D0033DEA2 /* catalogApp.swift */ = {isa = PBXFileReference; lastKnownFileType = sourcecode.swift; path = catalogApp.swift; sourceTree = "<group>"; };
		F50AD5582C05742D0033DEA2 /* ContentView.swift */ = {isa = PBXFileReference; lastKnownFileType = sourcecode.swift; path = ContentView.swift; sourceTree = "<group>"; };
		F50AD55A2C05742F0033DEA2 /* Assets.xcassets */ = {isa = PBXFileReference; lastKnownFileType = folder.assetcatalog; path = Assets.xcassets; sourceTree = "<group>"; };
		F50AD55D2C05742F0033DEA2 /* Preview Assets.xcassets */ = {isa = PBXFileReference; lastKnownFileType = folder.assetcatalog; path = "Preview Assets.xcassets"; sourceTree = "<group>"; };
		F50AD5632C05742F0033DEA2 /* catalogTests.xctest */ = {isa = PBXFileReference; explicitFileType = wrapper.cfbundle; includeInIndex = 0; path = catalogTests.xctest; sourceTree = BUILT_PRODUCTS_DIR; };
		F50AD5672C05742F0033DEA2 /* catalogTests.swift */ = {isa = PBXFileReference; lastKnownFileType = sourcecode.swift; path = catalogTests.swift; sourceTree = "<group>"; };
		F50AD56D2C05742F0033DEA2 /* catalogUITests.xctest */ = {isa = PBXFileReference; explicitFileType = wrapper.cfbundle; includeInIndex = 0; path = catalogUITests.xctest; sourceTree = BUILT_PRODUCTS_DIR; };
		F50AD5712C05742F0033DEA2 /* catalogUITests.swift */ = {isa = PBXFileReference; lastKnownFileType = sourcecode.swift; path = catalogUITests.swift; sourceTree = "<group>"; };
		F50AD5732C05742F0033DEA2 /* catalogUITestsLaunchTests.swift */ = {isa = PBXFileReference; lastKnownFileType = sourcecode.swift; path = catalogUITestsLaunchTests.swift; sourceTree = "<group>"; };
/* End PBXFileReference section */

/* Begin PBXFrameworksBuildPhase section */
		F50AD5502C05742D0033DEA2 /* Frameworks */ = {
			isa = PBXFrameworksBuildPhase;
			buildActionMask = 2147483647;
			files = (
			);
			runOnlyForDeploymentPostprocessing = 0;
		};
		F50AD5602C05742F0033DEA2 /* Frameworks */ = {
			isa = PBXFrameworksBuildPhase;
			buildActionMask = 2147483647;
			files = (
			);
			runOnlyForDeploymentPostprocessing = 0;
		};
		F50AD56A2C05742F0033DEA2 /* Frameworks */ = {
			isa = PBXFrameworksBuildPhase;
			buildActionMask = 2147483647;
			files = (
			);
			runOnlyForDeploymentPostprocessing = 0;
		};
/* End PBXFrameworksBuildPhase section */

/* Begin PBXGroup section */
		F50AD54A2C05742D0033DEA2 = {
			isa = PBXGroup;
			children = (
				F50AD5552C05742D0033DEA2 /* catalog */,
				F50AD5662C05742F0033DEA2 /* catalogTests */,
				F50AD5702C05742F0033DEA2 /* catalogUITests */,
				F50AD5542C05742D0033DEA2 /* Products */,
			);
			sourceTree = "<group>";
		};
		F50AD5542C05742D0033DEA2 /* Products */ = {
			isa = PBXGroup;
			children = (
				F50AD5532C05742D0033DEA2 /* catalog.app */,
				F50AD5632C05742F0033DEA2 /* catalogTests.xctest */,
				F50AD56D2C05742F0033DEA2 /* catalogUITests.xctest */,
			);
			name = Products;
			sourceTree = "<group>";
		};
		F50AD5552C05742D0033DEA2 /* catalog */ = {
			isa = PBXGroup;
			children = (
				F50AD5562C05742D0033DEA2 /* catalogApp.swift */,
				F50AD5582C05742D0033DEA2 /* ContentView.swift */,
				F50AD55A2C05742F0033DEA2 /* Assets.xcassets */,
				F50AD55C2C05742F0033DEA2 /* Preview Content */,
			);
			path = catalog;
			sourceTree = "<group>";
		};
		F50AD55C2C05742F0033DEA2 /* Preview Content */ = {
			isa = PBXGroup;
			children = (
				F50AD55D2C05742F0033DEA2 /* Preview Assets.xcassets */,
			);
			path = "Preview Content";
			sourceTree = "<group>";
		};
		F50AD5662C05742F0033DEA2 /* catalogTests */ = {
			isa = PBXGroup;
			children = (
				F50AD5672C05742F0033DEA2 /* catalogTests.swift */,
			);
			path = catalogTests;
			sourceTree = "<group>";
		};
		F50AD5702C05742F0033DEA2 /* catalogUITests */ = {
			isa = PBXGroup;
			children = (
				F50AD5712C05742F0033DEA2 /* catalogUITests.swift */,
				F50AD5732C05742F0033DEA2 /* catalogUITestsLaunchTests.swift */,
			);
			path = catalogUITests;
			sourceTree = "<group>";
		};
/* End PBXGroup section */

/* Begin PBXNativeTarget section */
		F50AD5522C05742D0033DEA2 /* catalog */ = {
			isa = PBXNativeTarget;
			buildConfigurationList = F50AD5772C05742F0033DEA2 /* Build configuration list for PBXNativeTarget "catalog" */;
			buildPhases = (
				F50AD54F2C05742D0033DEA2 /* Sources */,
				F50AD5502C05742D0033DEA2 /* Frameworks */,
				F50AD5512C05742D0033DEA2 /* Resources */,
			);
			buildRules = (
			);
			dependencies = (
			);
			name = catalog;
			productName = catalog;
			productReference = F50AD5532C05742D0033DEA2 /* catalog.app */;
			productType = "com.apple.product-type.application";
		};
		F50AD5622C05742F0033DEA2 /* catalogTests */ = {
			isa = PBXNativeTarget;
			buildConfigurationList = F50AD57A2C05742F0033DEA2 /* Build configuration list for PBXNativeTarget "catalogTests" */;
			buildPhases = (
				F50AD55F2C05742F0033DEA2 /* Sources */,
				F50AD5602C05742F0033DEA2 /* Frameworks */,
				F50AD5612C05742F0033DEA2 /* Resources */,
			);
			buildRules = (
			);
			dependencies = (
				F50AD5652C05742F0033DEA2 /* PBXTargetDependency */,
			);
			name = catalogTests;
			productName = catalogTests;
			productReference = F50AD5632C05742F0033DEA2 /* catalogTests.xctest */;
			productType = "com.apple.product-type.bundle.unit-test";
		};
		F50AD56C2C05742F0033DEA2 /* catalogUITests */ = {
			isa = PBXNativeTarget;
			buildConfigurationList = F50AD57D2C05742F0033DEA2 /* Build configuration list for PBXNativeTarget "catalogUITests" */;
			buildPhases = (
				F50AD5692C05742F0033DEA2 /* Sources */,
				F50AD56A2C05742F0033DEA2 /* Frameworks */,
				F50AD56B2C05742F0033DEA2 /* Resources */,
			);
			buildRules = (
			);
			dependencies = (
				F50AD56F2C05742F0033DEA2 /* PBXTargetDependency */,
			);
			name = catalogUITests;
			productName = catalogUITests;
			productReference = F50AD56D2C05742F0033DEA2 /* catalogUITests.xctest */;
			productType = "com.apple.product-type.bundle.ui-testing";
		};
/* End PBXNativeTarget section */

/* Begin PBXProject section */
		F50AD54B2C05742D0033DEA2 /* Project object */ = {
			isa = PBXProject;
			attributes = {
				BuildIndependentTargetsInParallel = 1;
				LastSwiftUpdateCheck = 1530;
				LastUpgradeCheck = 1530;
				TargetAttributes = {
					F50AD5522C05742D0033DEA2 = {
						CreatedOnToolsVersion = 15.3;
					};
					F50AD5622C05742F0033DEA2 = {
						CreatedOnToolsVersion = 15.3;
						TestTargetID = F50AD5522C05742D0033DEA2;
					};
					F50AD56C2C05742F0033DEA2 = {
						CreatedOnToolsVersion = 15.3;
						TestTargetID = F50AD5522C05742D0033DEA2;
					};
				};
			};
			buildConfigurationList = F50AD54E2C05742D0033DEA2 /* Build configuration list for PBXProject "catalog" */;
			compatibilityVersion = "Xcode 14.0";
			developmentRegion = en;
			hasScannedForEncodings = 0;
			knownRegions = (
				en,
				Base,
			);
			mainGroup = F50AD54A2C05742D0033DEA2;
			productRefGroup = F50AD5542C05742D0033DEA2 /* Products */;
			projectDirPath = "";
			projectRoot = "";
			targets = (
				F50AD5522C05742D0033DEA2 /* catalog */,
				F50AD5622C05742F0033DEA2 /* catalogTests */,
				F50AD56C2C05742F0033DEA2 /* catalogUITests */,
			);
		};
/* End PBXProject section */

/* Begin PBXResourcesBuildPhase section */
		F50AD5512C05742D0033DEA2 /* Resources */ = {
			isa = PBXResourcesBuildPhase;
			buildActionMask = 2147483647;
			files = (
				F50AD55E2C05742F0033DEA2 /* Preview Assets.xcassets in Resources */,
				F50AD55B2C05742F0033DEA2 /* Assets.xcassets in Resources */,
			);
			runOnlyForDeploymentPostprocessing = 0;
		};
		F50AD5612C05742F0033DEA2 /* Resources */ = {
			isa = PBXResourcesBuildPhase;
			buildActionMask = 2147483647;
			files = (
			);
			runOnlyForDeploymentPostprocessing = 0;
		};
		F50AD56B2C05742F0033DEA2 /* Resources */ = {
			isa = PBXResourcesBuildPhase;
			buildActionMask = 2147483647;
			files = (
			);
			runOnlyForDeploymentPostprocessing = 0;
		};
/* End PBXResourcesBuildPhase section */

/* Begin PBXSourcesBuildPhase section */
		F50AD54F2C05742D0033DEA2 /* Sources */ = {
			isa = PBXSourcesBuildPhase;
			buildActionMask = 2147483647;
			files = (
				F50AD5592C05742D0033DEA2 /* ContentView.swift in Sources */,
				F50AD5572C05742D0033DEA2 /* catalogApp.swift in Sources */,
			);
			runOnlyForDeploymentPostprocessing = 0;
		};
		F50AD55F2C05742F0033DEA2 /* Sources */ = {
			isa = PBXSourcesBuildPhase;
			buildActionMask = 2147483647;
			files = (
				F50AD5682C05742F0033DEA2 /* catalogTests.swift in Sources */,
			);
			runOnlyForDeploymentPostprocessing = 0;
		};
		F50AD5692C05742F0033DEA2 /* Sources */ = {
			isa = PBXSourcesBuildPhase;
			buildActionMask = 2147483647;
			files = (
				F50AD5742C05742F0033DEA2 /* catalogUITestsLaunchTests.swift in Sources */,
				F50AD5722C05742F0033DEA2 /* catalogUITests.swift in Sources */,
			);
			runOnlyForDeploymentPostprocessing = 0;
		};
/* End PBXSourcesBuildPhase section */

/* Begin PBXTargetDependency section */
		F50AD5652C05742F0033DEA2 /* PBXTargetDependency */ = {
			isa = PBXTargetDependency;
			target = F50AD5522C05742D0033DEA2 /* catalog */;
			targetProxy = F50AD5642C05742F0033DEA2 /* PBXContainerItemProxy */;
		};
		F50AD56F2C05742F0033DEA2 /* PBXTargetDependency */ = {
			isa = PBXTargetDependency;
			target = F50AD5522C05742D0033DEA2 /* catalog */;
			targetProxy = F50AD56E2C05742F0033DEA2 /* PBXContainerItemProxy */;
		};
/* End PBXTargetDependency section */

/* Begin XCBuildConfiguration section */
		F50AD5752C05742F0033DEA2 /* Debug */ = {
			isa = XCBuildConfiguration;
			buildSettings = {
				ALWAYS_SEARCH_USER_PATHS = NO;
				ASSETCATALOG_COMPILER_GENERATE_SWIFT_ASSET_SYMBOL_EXTENSIONS = YES;
				CLANG_ANALYZER_NONNULL = YES;
				CLANG_ANALYZER_NUMBER_OBJECT_CONVERSION = YES_AGGRESSIVE;
				CLANG_CXX_LANGUAGE_STANDARD = "gnu++20";
				CLANG_ENABLE_MODULES = YES;
				CLANG_ENABLE_OBJC_ARC = YES;
				CLANG_ENABLE_OBJC_WEAK = YES;
				CLANG_WARN_BLOCK_CAPTURE_AUTORELEASING = YES;
				CLANG_WARN_BOOL_CONVERSION = YES;
				CLANG_WARN_COMMA = YES;
				CLANG_WARN_CONSTANT_CONVERSION = YES;
				CLANG_WARN_DEPRECATED_OBJC_IMPLEMENTATIONS = YES;
				CLANG_WARN_DIRECT_OBJC_ISA_USAGE = YES_ERROR;
				CLANG_WARN_DOCUMENTATION_COMMENTS = YES;
				CLANG_WARN_EMPTY_BODY = YES;
				CLANG_WARN_ENUM_CONVERSION = YES;
				CLANG_WARN_INFINITE_RECURSION = YES;
				CLANG_WARN_INT_CONVERSION = YES;
				CLANG_WARN_NON_LITERAL_NULL_CONVERSION = YES;
				CLANG_WARN_OBJC_IMPLICIT_RETAIN_SELF = YES;
				CLANG_WARN_OBJC_LITERAL_CONVERSION = YES;
				CLANG_WARN_OBJC_ROOT_CLASS = YES_ERROR;
				CLANG_WARN_QUOTED_INCLUDE_IN_FRAMEWORK_HEADER = YES;
				CLANG_WARN_RANGE_LOOP_ANALYSIS = YES;
				CLANG_WARN_STRICT_PROTOTYPES = YES;
				CLANG_WARN_SUSPICIOUS_MOVE = YES;
				CLANG_WARN_UNGUARDED_AVAILABILITY = YES_AGGRESSIVE;
				CLANG_WARN_UNREACHABLE_CODE = YES;
				CLANG_WARN__DUPLICATE_METHOD_MATCH = YES;
				COPY_PHASE_STRIP = NO;
				DEBUG_INFORMATION_FORMAT = dwarf;
				ENABLE_STRICT_OBJC_MSGSEND = YES;
				ENABLE_TESTABILITY = YES;
				ENABLE_USER_SCRIPT_SANDBOXING = YES;
				GCC_C_LANGUAGE_STANDARD = gnu17;
				GCC_DYNAMIC_NO_PIC = NO;
				GCC_NO_COMMON_BLOCKS = YES;
				GCC_OPTIMIZATION_LEVEL = 0;
				GCC_PREPROCESSOR_DEFINITIONS = (
					"DEBUG=1",
					"$(inherited)",
				);
				GCC_WARN_64_TO_32_BIT_CONVERSION = YES;
				GCC_WARN_ABOUT_RETURN_TYPE = YES_ERROR;
				GCC_WARN_UNDECLARED_SELECTOR = YES;
				GCC_WARN_UNINITIALIZED_AUTOS = YES_AGGRESSIVE;
				GCC_WARN_UNUSED_FUNCTION = YES;
				GCC_WARN_UNUSED_VARIABLE = YES;
				IPHONEOS_DEPLOYMENT_TARGET = 17.4;
				LOCALIZATION_PREFERS_STRING_CATALOGS = YES;
				MTL_ENABLE_DEBUG_INFO = INCLUDE_SOURCE;
				MTL_FAST_MATH = YES;
				ONLY_ACTIVE_ARCH = YES;
				SDKROOT = iphoneos;
				SWIFT_ACTIVE_COMPILATION_CONDITIONS = "DEBUG $(inherited)";
				SWIFT_OPTIMIZATION_LEVEL = "-Onone";
			};
			name = Debug;
		};
		F50AD5762C05742F0033DEA2 /* Release */ = {
			isa = XCBuildConfiguration;
			buildSettings = {
				ALWAYS_SEARCH_USER_PATHS = NO;
				ASSETCATALOG_COMPILER_GENERATE_SWIFT_ASSET_SYMBOL_EXTENSIONS = YES;
				CLANG_ANALYZER_NONNULL = YES;
				CLANG_ANALYZER_NUMBER_OBJECT_CONVERSION = YES_AGGRESSIVE;
				CLANG_CXX_LANGUAGE_STANDARD = "gnu++20";
				CLANG_ENABLE_MODULES = YES;
				CLANG_ENABLE_OBJC_ARC = YES;
				CLANG_ENABLE_OBJC_WEAK = YES;
				CLANG_WARN_BLOCK_CAPTURE_AUTORELEASING = YES;
				CLANG_WARN_BOOL_CONVERSION = YES;
				CLANG_WARN_COMMA = YES;
				CLANG_WARN_CONSTANT_CONVERSION = YES;
				CLANG_WARN_DEPRECATED_OBJC_IMPLEMENTATIONS = YES;
				CLANG_WARN_DIRECT_OBJC_ISA_USAGE = YES_ERROR;
				CLANG_WARN_DOCUMENTATION_COMMENTS = YES;
				CLANG_WARN_EMPTY_BODY = YES;
				CLANG_WARN_ENUM_CONVERSION = YES;
				CLANG_WARN_INFINITE_RECURSION = YES;
				CLANG_WARN_INT_CONVERSION = YES;
				CLANG_WARN_NON_LITERAL_NULL_CONVERSION = YES;
				CLANG_WARN_OBJC_IMPLICIT_RETAIN_SELF = YES;
				CLANG_WARN_OBJC_LITERAL_CONVERSION = YES;
				CLANG_WARN_OBJC_ROOT_CLASS = YES_ERROR;
				CLANG_WARN_QUOTED_INCLUDE_IN_FRAMEWORK_HEADER = YES;
				CLANG_WARN_RANGE_LOOP_ANALYSIS = YES;
				CLANG_WARN_STRICT_PROTOTYPES = YES;
				CLANG_WARN_SUSPICIOUS_MOVE = YES;
				CLANG_WARN_UNGUARDED_AVAILABILITY = YES_AGGRESSIVE;
				CLANG_WARN_UNREACHABLE_CODE = YES;
				CLANG_WARN__DUPLICATE_METHOD_MATCH = YES;
				COPY_PHASE_STRIP = NO;
				DEBUG_INFORMATION_FORMAT = "dwarf-with-dsym";
				ENABLE_NS_ASSERTIONS = NO;
				ENABLE_STRICT_OBJC_MSGSEND = YES;
				ENABLE_USER_SCRIPT_SANDBOXING = YES;
				GCC_C_LANGUAGE_STANDARD = gnu17;
				GCC_NO_COMMON_BLOCKS = YES;
				GCC_WARN_64_TO_32_BIT_CONVERSION = YES;
				GCC_WARN_ABOUT_RETURN_TYPE = YES_ERROR;
				GCC_WARN_UNDECLARED_SELECTOR = YES;
				GCC_WARN_UNINITIALIZED_AUTOS = YES_AGGRESSIVE;
				GCC_WARN_UNUSED_FUNCTION = YES;
				GCC_WARN_UNUSED_VARIABLE = YES;
				IPHONEOS_DEPLOYMENT_TARGET = 17.4;
				LOCALIZATION_PREFERS_STRING_CATALOGS = YES;
				MTL_ENABLE_DEBUG_INFO = NO;
				MTL_FAST_MATH = YES;
				SDKROOT = iphoneos;
				SWIFT_COMPILATION_MODE = wholemodule;
				VALIDATE_PRODUCT = YES;
			};
			name = Release;
		};
		F50AD5782C05742F0033DEA2 /* Debug */ = {
			isa = XCBuildConfiguration;
			buildSettings = {
				ASSETCATALOG_COMPILER_APPICON_NAME = AppIcon;
				ASSETCATALOG_COMPILER_GLOBAL_ACCENT_COLOR_NAME = AccentColor;
				CODE_SIGN_STYLE = Automatic;
				CURRENT_PROJECT_VERSION = 1;
				DEVELOPMENT_ASSET_PATHS = "\"catalog/Preview Content\"";
				ENABLE_PREVIEWS = YES;
				GENERATE_INFOPLIST_FILE = YES;
				INFOPLIST_KEY_UIApplicationSceneManifest_Generation = YES;
				INFOPLIST_KEY_UIApplicationSupportsIndirectInputEvents = YES;
				INFOPLIST_KEY_UILaunchScreen_Generation = YES;
				INFOPLIST_KEY_UISupportedInterfaceOrientations_iPad = "UIInterfaceOrientationPortrait UIInterfaceOrientationPortraitUpsideDown UIInterfaceOrientationLandscapeLeft UIInterfaceOrientationLandscapeRight";
				INFOPLIST_KEY_UISupportedInterfaceOrientations_iPhone = "UIInterfaceOrientationPortrait UIInterfaceOrientationLandscapeLeft UIInterfaceOrientationLandscapeRight";
				LD_RUNPATH_SEARCH_PATHS = (
					"$(inherited)",
					"@executable_path/Frameworks",
				);
				MARKETING_VERSION = 1.0;
				PRODUCT_BUNDLE_IDENTIFIER = com.sarimin.catalog;
				PRODUCT_NAME = "$(TARGET_NAME)";
				SWIFT_EMIT_LOC_STRINGS = YES;
				SWIFT_VERSION = 5.0;
				TARGETED_DEVICE_FAMILY = "1,2";
			};
			name = Debug;
		};
		F50AD5792C05742F0033DEA2 /* Release */ = {
			isa = XCBuildConfiguration;
			buildSettings = {
				ASSETCATALOG_COMPILER_APPICON_NAME = AppIcon;
				ASSETCATALOG_COMPILER_GLOBAL_ACCENT_COLOR_NAME = AccentColor;
				CODE_SIGN_STYLE = Automatic;
				CURRENT_PROJECT_VERSION = 1;
				DEVELOPMENT_ASSET_PATHS = "\"catalog/Preview Content\"";
				ENABLE_PREVIEWS = YES;
				GENERATE_INFOPLIST_FILE = YES;
				INFOPLIST_KEY_UIApplicationSceneManifest_Generation = YES;
				INFOPLIST_KEY_UIApplicationSupportsIndirectInputEvents = YES;
				INFOPLIST_KEY_UILaunchScreen_Generation = YES;
				INFOPLIST_KEY_UISupportedInterfaceOrientations_iPad = "UIInterfaceOrientationPortrait UIInterfaceOrientationPortraitUpsideDown UIInterfaceOrientationLandscapeLeft UIInterfaceOrientationLandscapeRight";
				INFOPLIST_KEY_UISupportedInterfaceOrientations_iPhone = "UIInterfaceOrientationPortrait UIInterfaceOrientationLandscapeLeft UIInterfaceOrientationLandscapeRight";
				LD_RUNPATH_SEARCH_PATHS = (
					"$(inherited)",
					"@executable_path/Frameworks",
				);
				MARKETING_VERSION = 1.0;
				PRODUCT_BUNDLE_IDENTIFIER = com.sarimin.catalog;
				PRODUCT_NAME = "$(TARGET_NAME)";
				SWIFT_EMIT_LOC_STRINGS = YES;
				SWIFT_VERSION = 5.0;
				TARGETED_DEVICE_FAMILY = "1,2";
			};
			name = Release;
		};
		F50AD57B2C05742F0033DEA2 /* Debug */ = {
			isa = XCBuildConfiguration;
			buildSettings = {
				ALWAYS_EMBED_SWIFT_STANDARD_LIBRARIES = YES;
				BUNDLE_LOADER = "$(TEST_HOST)";
				CODE_SIGN_STYLE = Automatic;
				CURRENT_PROJECT_VERSION = 1;
				GENERATE_INFOPLIST_FILE = YES;
				IPHONEOS_DEPLOYMENT_TARGET = 17.4;
				MARKETING_VERSION = 1.0;
				PRODUCT_BUNDLE_IDENTIFIER = com.sarimin.catalogTests;
				PRODUCT_NAME = "$(TARGET_NAME)";
				SWIFT_EMIT_LOC_STRINGS = NO;
				SWIFT_VERSION = 5.0;
				TARGETED_DEVICE_FAMILY = "1,2";
				TEST_HOST = "$(BUILT_PRODUCTS_DIR)/catalog.app/$(BUNDLE_EXECUTABLE_FOLDER_PATH)/catalog";
			};
			name = Debug;
		};
		F50AD57C2C05742F0033DEA2 /* Release */ = {
			isa = XCBuildConfiguration;
			buildSettings = {
				ALWAYS_EMBED_SWIFT_STANDARD_LIBRARIES = YES;
				BUNDLE_LOADER = "$(TEST_HOST)";
				CODE_SIGN_STYLE = Automatic;
				CURRENT_PROJECT_VERSION = 1;
				GENERATE_INFOPLIST_FILE = YES;
				IPHONEOS_DEPLOYMENT_TARGET = 17.4;
				MARKETING_VERSION = 1.0;
				PRODUCT_BUNDLE_IDENTIFIER = com.sarimin.catalogTests;
				PRODUCT_NAME = "$(TARGET_NAME)";
				SWIFT_EMIT_LOC_STRINGS = NO;
				SWIFT_VERSION = 5.0;
				TARGETED_DEVICE_FAMILY = "1,2";
				TEST_HOST = "$(BUILT_PRODUCTS_DIR)/catalog.app/$(BUNDLE_EXECUTABLE_FOLDER_PATH)/catalog";
			};
			name = Release;
		};
		F50AD57E2C05742F0033DEA2 /* Debug */ = {
			isa = XCBuildConfiguration;
			buildSettings = {
				ALWAYS_EMBED_SWIFT_STANDARD_LIBRARIES = YES;
				CODE_SIGN_STYLE = Automatic;
				CURRENT_PROJECT_VERSION = 1;
				GENERATE_INFOPLIST_FILE = YES;
				MARKETING_VERSION = 1.0;
				PRODUCT_BUNDLE_IDENTIFIER = com.sarimin.catalogUITests;
				PRODUCT_NAME = "$(TARGET_NAME)";
				SWIFT_EMIT_LOC_STRINGS = NO;
				SWIFT_VERSION = 5.0;
				TARGETED_DEVICE_FAMILY = "1,2";
				TEST_TARGET_NAME = catalog;
			};
			name = Debug;
		};
		F50AD57F2C05742F0033DEA2 /* Release */ = {
			isa = XCBuildConfiguration;
			buildSettings = {
				ALWAYS_EMBED_SWIFT_STANDARD_LIBRARIES = YES;
				CODE_SIGN_STYLE = Automatic;
				CURRENT_PROJECT_VERSION = 1;
				GENERATE_INFOPLIST_FILE = YES;
				MARKETING_VERSION = 1.0;
				PRODUCT_BUNDLE_IDENTIFIER = com.sarimin.catalogUITests;
				PRODUCT_NAME = "$(TARGET_NAME)";
				SWIFT_EMIT_LOC_STRINGS = NO;
				SWIFT_VERSION = 5.0;
				TARGETED_DEVICE_FAMILY = "1,2";
				TEST_TARGET_NAME = catalog;
			};
			name = Release;
		};
/* End XCBuildConfiguration section */

/* Begin XCConfigurationList section */
		F50AD54E2C05742D0033DEA2 /* Build configuration list for PBXProject "catalog" */ = {
			isa = XCConfigurationList;
			buildConfigurations = (
				F50AD5752C05742F0033DEA2 /* Debug */,
				F50AD5762C05742F0033DEA2 /* Release */,
			);
			defaultConfigurationIsVisible = 0;
			defaultConfigurationName = Release;
		};
		F50AD5772C05742F0033DEA2 /* Build configuration list for PBXNativeTarget "catalog" */ = {
			isa = XCConfigurationList;
			buildConfigurations = (
				F50AD5782C05742F0033DEA2 /* Debug */,
				F50AD5792C05742F0033DEA2 /* Release */,
			);
			defaultConfigurationIsVisible = 0;
			defaultConfigurationName = Release;
		};
		F50AD57A2C05742F0033DEA2 /* Build configuration list for PBXNativeTarget "catalogTests" */ = {
			isa = XCConfigurationList;
			buildConfigurations = (
				F50AD57B2C05742F0033DEA2 /* Debug */,
				F50AD57C2C05742F0033DEA2 /* Release */,
			);
			defaultConfigurationIsVisible = 0;
			defaultConfigurationName = Release;
		};
		F50AD57D2C05742F0033DEA2 /* Build configuration list for PBXNativeTarget "catalogUITests" */ = {
			isa = XCConfigurationList;
			buildConfigurations = (
				F50AD57E2C05742F0033DEA2 /* Debug */,
				F50AD57F2C05742F0033DEA2 /* Release */,
			);
			defaultConfigurationIsVisible = 0;
			defaultConfigurationName = Release;
		};
/* End XCConfigurationList section */
	};
	rootObject = F50AD54B2C05742D0033DEA2 /* Project object */;
}
